
Microsoft Visual Studio Solution File, Format Version 12.00
# Visual Studio Version 16
VisualStudioVersion = 16.0.31729.503
MinimumVisualStudioVersion = 10.0.40219.1
Project("{9A19103F-16F7-4668-BE54-9A1E7A4F7556}") = "targil0", "targil0\targil0.csproj", "{A178F2E2-A3CC-402D-BA30-F96F1E85F37B}"
EndProject
Project("{2150E333-8FDC-42A3-9474-1A3956D46DE8}") = "Solution Items", "Solution Items", "{B821258B-3539-4007-9080-C3BE6D9F120E}"
	ProjectSection(SolutionItems) = preProject
		README.md = README.md
	EndProjectSection
EndProject
Project("{9A19103F-16F7-4668-BE54-9A1E7A4F7556}") = "ConsoleUI", "ConsoleUI\ConsoleUI.csproj", "{E49BD0DF-091F-424B-98E9-682376B04138}"
EndProject
Project("{9A19103F-16F7-4668-BE54-9A1E7A4F7556}") = "DAL", "DAL\DAL.csproj", "{C70AE020-97D8-4666-93B3-37179F6AF8F8}"
EndProject
Project("{9A19103F-16F7-4668-BE54-9A1E7A4F7556}") = "BL", "BL\BL.csproj", "{F72B0936-E2A4-4384-BAD9-DA7DD215BD52}"
EndProject
Project("{FAE04EC0-301F-11D3-BF4B-00C04F79EFBC}") = "ConsoleUI_BL", "ConsoleUI_BL\ConsoleUI_BL.csproj", "{72B8E753-F8BD-40D4-B618-F7D08702003C}"
EndProject
Global
	GlobalSection(SolutionConfigurationPlatforms) = preSolution
		Debug|Any CPU = Debug|Any CPU
		Release|Any CPU = Release|Any CPU
	EndGlobalSection
	GlobalSection(ProjectConfigurationPlatforms) = postSolution
		{A178F2E2-A3CC-402D-BA30-F96F1E85F37B}.Debug|Any CPU.ActiveCfg = Debug|Any CPU
		{A178F2E2-A3CC-402D-BA30-F96F1E85F37B}.Debug|Any CPU.Build.0 = Debug|Any CPU
		{A178F2E2-A3CC-402D-BA30-F96F1E85F37B}.Release|Any CPU.ActiveCfg = Release|Any CPU
		{A178F2E2-A3CC-402D-BA30-F96F1E85F37B}.Release|Any CPU.Build.0 = Release|Any CPU
		{E49BD0DF-091F-424B-98E9-682376B04138}.Debug|Any CPU.ActiveCfg = Debug|Any CPU
		{E49BD0DF-091F-424B-98E9-682376B04138}.Debug|Any CPU.Build.0 = Debug|Any CPU
		{E49BD0DF-091F-424B-98E9-682376B04138}.Release|Any CPU.ActiveCfg = Release|Any CPU
		{E49BD0DF-091F-424B-98E9-682376B04138}.Release|Any CPU.Build.0 = Release|Any CPU
		{C70AE020-97D8-4666-93B3-37179F6AF8F8}.Debug|Any CPU.ActiveCfg = Debug|Any CPU
		{C70AE020-97D8-4666-93B3-37179F6AF8F8}.Debug|Any CPU.Build.0 = Debug|Any CPU
		{C70AE020-97D8-4666-93B3-37179F6AF8F8}.Release|Any CPU.ActiveCfg = Release|Any CPU
		{C70AE020-97D8-4666-93B3-37179F6AF8F8}.Release|Any CPU.Build.0 = Release|Any CPU
		{F72B0936-E2A4-4384-BAD9-DA7DD215BD52}.Debug|Any CPU.ActiveCfg = Debug|Any CPU
		{F72B0936-E2A4-4384-BAD9-DA7DD215BD52}.Debug|Any CPU.Build.0 = Debug|Any CPU
		{F72B0936-E2A4-4384-BAD9-DA7DD215BD52}.Release|Any CPU.ActiveCfg = Release|Any CPU
		{F72B0936-E2A4-4384-BAD9-DA7DD215BD52}.Release|Any CPU.Build.0 = Release|Any CPU
		{72B8E753-F8BD-40D4-B618-F7D08702003C}.Debug|Any CPU.ActiveCfg = Debug|Any CPU
		{72B8E753-F8BD-40D4-B618-F7D08702003C}.Debug|Any CPU.Build.0 = Debug|Any CPU
		{72B8E753-F8BD-40D4-B618-F7D08702003C}.Release|Any CPU.ActiveCfg = Release|Any CPU
		{72B8E753-F8BD-40D4-B618-F7D08702003C}.Release|Any CPU.Build.0 = Release|Any CPU
	EndGlobalSection
	GlobalSection(SolutionProperties) = preSolution
		HideSolutionNode = FALSE
	EndGlobalSection
	GlobalSection(ExtensibilityGlobals) = postSolution
		SolutionGuid = {ED577005-C89D-496C-B2C1-38902E2F8DD1}
	EndGlobalSection
EndGlobal
