
Microsoft Visual Studio Solution File, Format Version 12.00
# Visual Studio Version 16
VisualStudioVersion = 16.0.31729.503
MinimumVisualStudioVersion = 10.0.40219.1
Project("{9A19103F-16F7-4668-BE54-9A1E7A4F7556}") = "targil0", "targil0\targil0.csproj", "{A178F2E2-A3CC-402D-BA30-F96F1E85F37B}"
EndProject
Project("{2150E333-8FDC-42A3-9474-1A3956D46DE8}") = "Solution Items", "Solution Items", "{B821258B-3539-4007-9080-C3BE6D9F120E}"
	ProjectSection(SolutionItems) = preProject
		README.md = README.md
		בונוסים.docx = בונוסים.docx
	EndProjectSection
EndProject
Project("{9A19103F-16F7-4668-BE54-9A1E7A4F7556}") = "ConsoleUI_DAL", "ConsoleUI\ConsoleUI_DAL.csproj", "{E49BD0DF-091F-424B-98E9-682376B04138}"
EndProject
Project("{9A19103F-16F7-4668-BE54-9A1E7A4F7556}") = "DalFacade", "DAL\DalFacade.csproj", "{C70AE020-97D8-4666-93B3-37179F6AF8F8}"
EndProject
Project("{9A19103F-16F7-4668-BE54-9A1E7A4F7556}") = "BL", "BL\BL.csproj", "{F72B0936-E2A4-4384-BAD9-DA7DD215BD52}"
EndProject
Project("{9A19103F-16F7-4668-BE54-9A1E7A4F7556}") = "ConsoleUI_BL", "ConsoleUI_BL\ConsoleUI_BL.csproj", "{72B8E753-F8BD-40D4-B618-F7D08702003C}"
EndProject
Project("{9A19103F-16F7-4668-BE54-9A1E7A4F7556}") = "PL", "PL\PL.csproj", "{A735BEDD-8367-4ACE-A325-90DE28B0C0A9}"
	ProjectSection(ProjectDependencies) = postProject
		{F72B0936-E2A4-4384-BAD9-DA7DD215BD52} = {F72B0936-E2A4-4384-BAD9-DA7DD215BD52}
	EndProjectSection
EndProject
Project("{9A19103F-16F7-4668-BE54-9A1E7A4F7556}") = "DalXml", "DalXml\DalXml.csproj", "{99A081BA-ED47-493A-A976-44A2CB6AB6AC}"
EndProject
Project("{9A19103F-16F7-4668-BE54-9A1E7A4F7556}") = "DalObject", "DalObject\DalObject.csproj", "{5DDD1370-6C8E-4B1F-8C5F-AFB9DA600A67}"
EndProject
Project("{2150E333-8FDC-42A3-9474-1A3956D46DE8}") = "xml", "xml", "{8BD30766-46F0-4E92-A94C-42B662B88BB6}"
	ProjectSection(SolutionItems) = preProject
		dal-config.xml = dal-config.xml
	EndProjectSection
EndProject
Global
	GlobalSection(SolutionConfigurationPlatforms) = preSolution
		Debug|Any CPU = Debug|Any CPU
		Debug|x64 = Debug|x64
		Debug|x86 = Debug|x86
		Release|Any CPU = Release|Any CPU
		Release|x64 = Release|x64
		Release|x86 = Release|x86
	EndGlobalSection
	GlobalSection(ProjectConfigurationPlatforms) = postSolution
		{A178F2E2-A3CC-402D-BA30-F96F1E85F37B}.Debug|Any CPU.ActiveCfg = Debug|Any CPU
		{A178F2E2-A3CC-402D-BA30-F96F1E85F37B}.Debug|Any CPU.Build.0 = Debug|Any CPU
		{A178F2E2-A3CC-402D-BA30-F96F1E85F37B}.Debug|x64.ActiveCfg = Debug|Any CPU
		{A178F2E2-A3CC-402D-BA30-F96F1E85F37B}.Debug|x64.Build.0 = Debug|Any CPU
		{A178F2E2-A3CC-402D-BA30-F96F1E85F37B}.Debug|x86.ActiveCfg = Debug|Any CPU
		{A178F2E2-A3CC-402D-BA30-F96F1E85F37B}.Debug|x86.Build.0 = Debug|Any CPU
		{A178F2E2-A3CC-402D-BA30-F96F1E85F37B}.Release|Any CPU.ActiveCfg = Release|Any CPU
		{A178F2E2-A3CC-402D-BA30-F96F1E85F37B}.Release|Any CPU.Build.0 = Release|Any CPU
		{A178F2E2-A3CC-402D-BA30-F96F1E85F37B}.Release|x64.ActiveCfg = Release|Any CPU
		{A178F2E2-A3CC-402D-BA30-F96F1E85F37B}.Release|x64.Build.0 = Release|Any CPU
		{A178F2E2-A3CC-402D-BA30-F96F1E85F37B}.Release|x86.ActiveCfg = Release|Any CPU
		{A178F2E2-A3CC-402D-BA30-F96F1E85F37B}.Release|x86.Build.0 = Release|Any CPU
		{E49BD0DF-091F-424B-98E9-682376B04138}.Debug|Any CPU.ActiveCfg = Debug|Any CPU
		{E49BD0DF-091F-424B-98E9-682376B04138}.Debug|Any CPU.Build.0 = Debug|Any CPU
		{E49BD0DF-091F-424B-98E9-682376B04138}.Debug|x64.ActiveCfg = Debug|Any CPU
		{E49BD0DF-091F-424B-98E9-682376B04138}.Debug|x64.Build.0 = Debug|Any CPU
		{E49BD0DF-091F-424B-98E9-682376B04138}.Debug|x86.ActiveCfg = Debug|Any CPU
		{E49BD0DF-091F-424B-98E9-682376B04138}.Debug|x86.Build.0 = Debug|Any CPU
		{E49BD0DF-091F-424B-98E9-682376B04138}.Release|Any CPU.ActiveCfg = Release|Any CPU
		{E49BD0DF-091F-424B-98E9-682376B04138}.Release|Any CPU.Build.0 = Release|Any CPU
		{E49BD0DF-091F-424B-98E9-682376B04138}.Release|x64.ActiveCfg = Release|Any CPU
		{E49BD0DF-091F-424B-98E9-682376B04138}.Release|x64.Build.0 = Release|Any CPU
		{E49BD0DF-091F-424B-98E9-682376B04138}.Release|x86.ActiveCfg = Release|Any CPU
		{E49BD0DF-091F-424B-98E9-682376B04138}.Release|x86.Build.0 = Release|Any CPU
		{C70AE020-97D8-4666-93B3-37179F6AF8F8}.Debug|Any CPU.ActiveCfg = Debug|Any CPU
		{C70AE020-97D8-4666-93B3-37179F6AF8F8}.Debug|Any CPU.Build.0 = Debug|Any CPU
		{C70AE020-97D8-4666-93B3-37179F6AF8F8}.Debug|x64.ActiveCfg = Debug|Any CPU
		{C70AE020-97D8-4666-93B3-37179F6AF8F8}.Debug|x64.Build.0 = Debug|Any CPU
		{C70AE020-97D8-4666-93B3-37179F6AF8F8}.Debug|x86.ActiveCfg = Debug|Any CPU
		{C70AE020-97D8-4666-93B3-37179F6AF8F8}.Debug|x86.Build.0 = Debug|Any CPU
		{C70AE020-97D8-4666-93B3-37179F6AF8F8}.Release|Any CPU.ActiveCfg = Release|Any CPU
		{C70AE020-97D8-4666-93B3-37179F6AF8F8}.Release|Any CPU.Build.0 = Release|Any CPU
		{C70AE020-97D8-4666-93B3-37179F6AF8F8}.Release|x64.ActiveCfg = Release|Any CPU
		{C70AE020-97D8-4666-93B3-37179F6AF8F8}.Release|x64.Build.0 = Release|Any CPU
		{C70AE020-97D8-4666-93B3-37179F6AF8F8}.Release|x86.ActiveCfg = Release|Any CPU
		{C70AE020-97D8-4666-93B3-37179F6AF8F8}.Release|x86.Build.0 = Release|Any CPU
		{F72B0936-E2A4-4384-BAD9-DA7DD215BD52}.Debug|Any CPU.ActiveCfg = Debug|Any CPU
		{F72B0936-E2A4-4384-BAD9-DA7DD215BD52}.Debug|Any CPU.Build.0 = Debug|Any CPU
		{F72B0936-E2A4-4384-BAD9-DA7DD215BD52}.Debug|x64.ActiveCfg = Debug|Any CPU
		{F72B0936-E2A4-4384-BAD9-DA7DD215BD52}.Debug|x64.Build.0 = Debug|Any CPU
		{F72B0936-E2A4-4384-BAD9-DA7DD215BD52}.Debug|x86.ActiveCfg = Debug|Any CPU
		{F72B0936-E2A4-4384-BAD9-DA7DD215BD52}.Debug|x86.Build.0 = Debug|Any CPU
		{F72B0936-E2A4-4384-BAD9-DA7DD215BD52}.Release|Any CPU.ActiveCfg = Release|Any CPU
		{F72B0936-E2A4-4384-BAD9-DA7DD215BD52}.Release|Any CPU.Build.0 = Release|Any CPU
		{F72B0936-E2A4-4384-BAD9-DA7DD215BD52}.Release|x64.ActiveCfg = Release|Any CPU
		{F72B0936-E2A4-4384-BAD9-DA7DD215BD52}.Release|x64.Build.0 = Release|Any CPU
		{F72B0936-E2A4-4384-BAD9-DA7DD215BD52}.Release|x86.ActiveCfg = Release|Any CPU
		{F72B0936-E2A4-4384-BAD9-DA7DD215BD52}.Release|x86.Build.0 = Release|Any CPU
		{72B8E753-F8BD-40D4-B618-F7D08702003C}.Debug|Any CPU.ActiveCfg = Debug|Any CPU
		{72B8E753-F8BD-40D4-B618-F7D08702003C}.Debug|Any CPU.Build.0 = Debug|Any CPU
		{72B8E753-F8BD-40D4-B618-F7D08702003C}.Debug|x64.ActiveCfg = Debug|Any CPU
		{72B8E753-F8BD-40D4-B618-F7D08702003C}.Debug|x64.Build.0 = Debug|Any CPU
		{72B8E753-F8BD-40D4-B618-F7D08702003C}.Debug|x86.ActiveCfg = Debug|Any CPU
		{72B8E753-F8BD-40D4-B618-F7D08702003C}.Debug|x86.Build.0 = Debug|Any CPU
		{72B8E753-F8BD-40D4-B618-F7D08702003C}.Release|Any CPU.ActiveCfg = Release|Any CPU
		{72B8E753-F8BD-40D4-B618-F7D08702003C}.Release|Any CPU.Build.0 = Release|Any CPU
		{72B8E753-F8BD-40D4-B618-F7D08702003C}.Release|x64.ActiveCfg = Release|Any CPU
		{72B8E753-F8BD-40D4-B618-F7D08702003C}.Release|x64.Build.0 = Release|Any CPU
		{72B8E753-F8BD-40D4-B618-F7D08702003C}.Release|x86.ActiveCfg = Release|Any CPU
		{72B8E753-F8BD-40D4-B618-F7D08702003C}.Release|x86.Build.0 = Release|Any CPU
		{A735BEDD-8367-4ACE-A325-90DE28B0C0A9}.Debug|Any CPU.ActiveCfg = Debug|Any CPU
		{A735BEDD-8367-4ACE-A325-90DE28B0C0A9}.Debug|Any CPU.Build.0 = Debug|Any CPU
		{A735BEDD-8367-4ACE-A325-90DE28B0C0A9}.Debug|x64.ActiveCfg = Debug|Any CPU
		{A735BEDD-8367-4ACE-A325-90DE28B0C0A9}.Debug|x64.Build.0 = Debug|Any CPU
		{A735BEDD-8367-4ACE-A325-90DE28B0C0A9}.Debug|x86.ActiveCfg = Debug|Any CPU
		{A735BEDD-8367-4ACE-A325-90DE28B0C0A9}.Debug|x86.Build.0 = Debug|Any CPU
		{A735BEDD-8367-4ACE-A325-90DE28B0C0A9}.Release|Any CPU.ActiveCfg = Release|Any CPU
		{A735BEDD-8367-4ACE-A325-90DE28B0C0A9}.Release|Any CPU.Build.0 = Release|Any CPU
		{A735BEDD-8367-4ACE-A325-90DE28B0C0A9}.Release|x64.ActiveCfg = Release|Any CPU
		{A735BEDD-8367-4ACE-A325-90DE28B0C0A9}.Release|x64.Build.0 = Release|Any CPU
		{A735BEDD-8367-4ACE-A325-90DE28B0C0A9}.Release|x86.ActiveCfg = Release|Any CPU
		{A735BEDD-8367-4ACE-A325-90DE28B0C0A9}.Release|x86.Build.0 = Release|Any CPU
		{99A081BA-ED47-493A-A976-44A2CB6AB6AC}.Debug|Any CPU.ActiveCfg = Debug|Any CPU
		{99A081BA-ED47-493A-A976-44A2CB6AB6AC}.Debug|Any CPU.Build.0 = Debug|Any CPU
		{99A081BA-ED47-493A-A976-44A2CB6AB6AC}.Debug|x64.ActiveCfg = Debug|Any CPU
		{99A081BA-ED47-493A-A976-44A2CB6AB6AC}.Debug|x64.Build.0 = Debug|Any CPU
		{99A081BA-ED47-493A-A976-44A2CB6AB6AC}.Debug|x86.ActiveCfg = Debug|Any CPU
		{99A081BA-ED47-493A-A976-44A2CB6AB6AC}.Debug|x86.Build.0 = Debug|Any CPU
		{99A081BA-ED47-493A-A976-44A2CB6AB6AC}.Release|Any CPU.ActiveCfg = Release|Any CPU
		{99A081BA-ED47-493A-A976-44A2CB6AB6AC}.Release|Any CPU.Build.0 = Release|Any CPU
		{99A081BA-ED47-493A-A976-44A2CB6AB6AC}.Release|x64.ActiveCfg = Release|Any CPU
		{99A081BA-ED47-493A-A976-44A2CB6AB6AC}.Release|x64.Build.0 = Release|Any CPU
		{99A081BA-ED47-493A-A976-44A2CB6AB6AC}.Release|x86.ActiveCfg = Release|Any CPU
		{99A081BA-ED47-493A-A976-44A2CB6AB6AC}.Release|x86.Build.0 = Release|Any CPU
		{5DDD1370-6C8E-4B1F-8C5F-AFB9DA600A67}.Debug|Any CPU.ActiveCfg = Debug|Any CPU
		{5DDD1370-6C8E-4B1F-8C5F-AFB9DA600A67}.Debug|Any CPU.Build.0 = Debug|Any CPU
		{5DDD1370-6C8E-4B1F-8C5F-AFB9DA600A67}.Debug|x64.ActiveCfg = Debug|Any CPU
		{5DDD1370-6C8E-4B1F-8C5F-AFB9DA600A67}.Debug|x64.Build.0 = Debug|Any CPU
		{5DDD1370-6C8E-4B1F-8C5F-AFB9DA600A67}.Debug|x86.ActiveCfg = Debug|Any CPU
		{5DDD1370-6C8E-4B1F-8C5F-AFB9DA600A67}.Debug|x86.Build.0 = Debug|Any CPU
		{5DDD1370-6C8E-4B1F-8C5F-AFB9DA600A67}.Release|Any CPU.ActiveCfg = Release|Any CPU
		{5DDD1370-6C8E-4B1F-8C5F-AFB9DA600A67}.Release|Any CPU.Build.0 = Release|Any CPU
		{5DDD1370-6C8E-4B1F-8C5F-AFB9DA600A67}.Release|x64.ActiveCfg = Release|Any CPU
		{5DDD1370-6C8E-4B1F-8C5F-AFB9DA600A67}.Release|x64.Build.0 = Release|Any CPU
		{5DDD1370-6C8E-4B1F-8C5F-AFB9DA600A67}.Release|x86.ActiveCfg = Release|Any CPU
		{5DDD1370-6C8E-4B1F-8C5F-AFB9DA600A67}.Release|x86.Build.0 = Release|Any CPU
	EndGlobalSection
	GlobalSection(SolutionProperties) = preSolution
		HideSolutionNode = FALSE
	EndGlobalSection
	GlobalSection(ExtensibilityGlobals) = postSolution
		SolutionGuid = {ED577005-C89D-496C-B2C1-38902E2F8DD1}
	EndGlobalSection
EndGlobal
